// !$*UTF8*$!
{
	archiveVersion = 1;
	classes = {
	};
	objectVersion = 50;
	objects = {

/* Begin PBXBuildFile section */
		309B2E6E2465296700465900 /* ExampleView.swift in Sources */ = {isa = PBXBuildFile; fileRef = 309B2E6D2465296700465900 /* ExampleView.swift */; };
		30D725F82443C302002DEABD /* AppDelegate.swift in Sources */ = {isa = PBXBuildFile; fileRef = 30D725F72443C302002DEABD /* AppDelegate.swift */; };
		30D725FA2443C302002DEABD /* SceneDelegate.swift in Sources */ = {isa = PBXBuildFile; fileRef = 30D725F92443C302002DEABD /* SceneDelegate.swift */; };
		30D725FC2443C302002DEABD /* OldExampleView.swift in Sources */ = {isa = PBXBuildFile; fileRef = 30D725FB2443C302002DEABD /* OldExampleView.swift */; };
		30D725FE2443C303002DEABD /* Assets.xcassets in Resources */ = {isa = PBXBuildFile; fileRef = 30D725FD2443C303002DEABD /* Assets.xcassets */; };
		30D726012443C303002DEABD /* Preview Assets.xcassets in Resources */ = {isa = PBXBuildFile; fileRef = 30D726002443C303002DEABD /* Preview Assets.xcassets */; };
		30D726042443C303002DEABD /* LaunchScreen.storyboard in Resources */ = {isa = PBXBuildFile; fileRef = 30D726022443C303002DEABD /* LaunchScreen.storyboard */; };
		30D7260C2443C317002DEABD /* MovingNumbersView.swift in Sources */ = {isa = PBXBuildFile; fileRef = 30D7260B2443C317002DEABD /* MovingNumbersView.swift */; };
/* End PBXBuildFile section */

/* Begin PBXFileReference section */
		309B2E6D2465296700465900 /* ExampleView.swift */ = {isa = PBXFileReference; lastKnownFileType = sourcecode.swift; path = ExampleView.swift; sourceTree = "<group>"; };
		309FDA252468B34600548351 /* MovingNumbersView.entitlements */ = {isa = PBXFileReference; lastKnownFileType = text.plist.entitlements; path = MovingNumbersView.entitlements; sourceTree = "<group>"; };
		30D725F42443C302002DEABD /* MovingNumbersView.app */ = {isa = PBXFileReference; explicitFileType = wrapper.application; includeInIndex = 0; path = MovingNumbersView.app; sourceTree = BUILT_PRODUCTS_DIR; };
		30D725F72443C302002DEABD /* AppDelegate.swift */ = {isa = PBXFileReference; lastKnownFileType = sourcecode.swift; path = AppDelegate.swift; sourceTree = "<group>"; };
		30D725F92443C302002DEABD /* SceneDelegate.swift */ = {isa = PBXFileReference; lastKnownFileType = sourcecode.swift; path = SceneDelegate.swift; sourceTree = "<group>"; };
		30D725FB2443C302002DEABD /* OldExampleView.swift */ = {isa = PBXFileReference; lastKnownFileType = sourcecode.swift; path = OldExampleView.swift; sourceTree = "<group>"; };
		30D725FD2443C303002DEABD /* Assets.xcassets */ = {isa = PBXFileReference; lastKnownFileType = folder.assetcatalog; path = Assets.xcassets; sourceTree = "<group>"; };
		30D726002443C303002DEABD /* Preview Assets.xcassets */ = {isa = PBXFileReference; lastKnownFileType = folder.assetcatalog; path = "Preview Assets.xcassets"; sourceTree = "<group>"; };
		30D726032443C303002DEABD /* Base */ = {isa = PBXFileReference; lastKnownFileType = file.storyboard; name = Base; path = Base.lproj/LaunchScreen.storyboard; sourceTree = "<group>"; };
		30D726052443C303002DEABD /* Info.plist */ = {isa = PBXFileReference; lastKnownFileType = text.plist.xml; path = Info.plist; sourceTree = "<group>"; };
		30D7260B2443C317002DEABD /* MovingNumbersView.swift */ = {isa = PBXFileReference; lastKnownFileType = sourcecode.swift; path = MovingNumbersView.swift; sourceTree = "<group>"; };
/* End PBXFileReference section */

/* Begin PBXFrameworksBuildPhase section */
		30D725F12443C302002DEABD /* Frameworks */ = {
			isa = PBXFrameworksBuildPhase;
			buildActionMask = 2147483647;
			files = (
			);
			runOnlyForDeploymentPostprocessing = 0;
		};
/* End PBXFrameworksBuildPhase section */

/* Begin PBXGroup section */
		309FDA262468B41500548351 /* Source */ = {
			isa = PBXGroup;
			children = (
				309FDA272468B41E00548351 /* MovingNumbersView */,
			);
			path = Source;
			sourceTree = "<group>";
		};
		309FDA272468B41E00548351 /* MovingNumbersView */ = {
			isa = PBXGroup;
			children = (
				30D7260B2443C317002DEABD /* MovingNumbersView.swift */,
			);
			path = MovingNumbersView;
			sourceTree = "<group>";
		};
		30D725EB2443C302002DEABD = {
			isa = PBXGroup;
			children = (
				309FDA262468B41500548351 /* Source */,
				309FDA252468B34600548351 /* MovingNumbersView.entitlements */,
				30D725F62443C302002DEABD /* MovingNumbersViewDemo */,
				30D725F52443C302002DEABD /* Products */,
			);
			sourceTree = "<group>";
		};
		30D725F52443C302002DEABD /* Products */ = {
			isa = PBXGroup;
			children = (
				30D725F42443C302002DEABD /* MovingNumbersView.app */,
			);
			name = Products;
			sourceTree = "<group>";
		};
		30D725F62443C302002DEABD /* MovingNumbersViewDemo */ = {
			isa = PBXGroup;
			children = (
				30D725F72443C302002DEABD /* AppDelegate.swift */,
				30D725FB2443C302002DEABD /* OldExampleView.swift */,
				309B2E6D2465296700465900 /* ExampleView.swift */,
				30D725F92443C302002DEABD /* SceneDelegate.swift */,
				30D725FD2443C303002DEABD /* Assets.xcassets */,
				30D726022443C303002DEABD /* LaunchScreen.storyboard */,
				30D726052443C303002DEABD /* Info.plist */,
				30D725FF2443C303002DEABD /* Preview Content */,
			);
			path = MovingNumbersViewDemo;
			sourceTree = "<group>";
		};
		30D725FF2443C303002DEABD /* Preview Content */ = {
			isa = PBXGroup;
			children = (
				30D726002443C303002DEABD /* Preview Assets.xcassets */,
			);
			path = "Preview Content";
			sourceTree = "<group>";
		};
/* End PBXGroup section */

/* Begin PBXNativeTarget section */
		30D725F32443C302002DEABD /* MovingNumbersView */ = {
			isa = PBXNativeTarget;
			buildConfigurationList = 30D726082443C303002DEABD /* Build configuration list for PBXNativeTarget "MovingNumbersView" */;
			buildPhases = (
				30D725F02443C302002DEABD /* Sources */,
				30D725F12443C302002DEABD /* Frameworks */,
				30D725F22443C302002DEABD /* Resources */,
			);
			buildRules = (
			);
			dependencies = (
			);
			name = MovingNumbersView;
			productName = MovingNumberView;
			productReference = 30D725F42443C302002DEABD /* MovingNumbersView.app */;
			productType = "com.apple.product-type.application";
		};
/* End PBXNativeTarget section */

/* Begin PBXProject section */
		30D725EC2443C302002DEABD /* Project object */ = {
			isa = PBXProject;
			attributes = {
				LastSwiftUpdateCheck = 1140;
				LastUpgradeCheck = 1140;
				ORGANIZATIONNAME = "Wirawit Rueopas";
				TargetAttributes = {
					30D725F32443C302002DEABD = {
						CreatedOnToolsVersion = 11.4;
					};
				};
			};
			buildConfigurationList = 30D725EF2443C302002DEABD /* Build configuration list for PBXProject "MovingNumbersView" */;
			compatibilityVersion = "Xcode 9.3";
			developmentRegion = en;
			hasScannedForEncodings = 0;
			knownRegions = (
				en,
				Base,
			);
			mainGroup = 30D725EB2443C302002DEABD;
			productRefGroup = 30D725F52443C302002DEABD /* Products */;
			projectDirPath = "";
			projectRoot = "";
			targets = (
				30D725F32443C302002DEABD /* MovingNumbersView */,
			);
		};
/* End PBXProject section */

/* Begin PBXResourcesBuildPhase section */
		30D725F22443C302002DEABD /* Resources */ = {
			isa = PBXResourcesBuildPhase;
			buildActionMask = 2147483647;
			files = (
				30D726042443C303002DEABD /* LaunchScreen.storyboard in Resources */,
				30D726012443C303002DEABD /* Preview Assets.xcassets in Resources */,
				30D725FE2443C303002DEABD /* Assets.xcassets in Resources */,
			);
			runOnlyForDeploymentPostprocessing = 0;
		};
/* End PBXResourcesBuildPhase section */

/* Begin PBXSourcesBuildPhase section */
		30D725F02443C302002DEABD /* Sources */ = {
			isa = PBXSourcesBuildPhase;
			buildActionMask = 2147483647;
			files = (
				30D725F82443C302002DEABD /* AppDelegate.swift in Sources */,
				30D7260C2443C317002DEABD /* MovingNumbersView.swift in Sources */,
				30D725FA2443C302002DEABD /* SceneDelegate.swift in Sources */,
				30D725FC2443C302002DEABD /* OldExampleView.swift in Sources */,
				309B2E6E2465296700465900 /* ExampleView.swift in Sources */,
			);
			runOnlyForDeploymentPostprocessing = 0;
		};
/* End PBXSourcesBuildPhase section */

/* Begin PBXVariantGroup section */
		30D726022443C303002DEABD /* LaunchScreen.storyboard */ = {
			isa = PBXVariantGroup;
			children = (
				30D726032443C303002DEABD /* Base */,
			);
			name = LaunchScreen.storyboard;
			sourceTree = "<group>";
		};
/* End PBXVariantGroup section */

/* Begin XCBuildConfiguration section */
		30D726062443C303002DEABD /* Debug */ = {
			isa = XCBuildConfiguration;
			buildSettings = {
				ALWAYS_SEARCH_USER_PATHS = NO;
				CLANG_ANALYZER_NONNULL = YES;
				CLANG_ANALYZER_NUMBER_OBJECT_CONVERSION = YES_AGGRESSIVE;
				CLANG_CXX_LANGUAGE_STANDARD = "gnu++14";
				CLANG_CXX_LIBRARY = "libc++";
				CLANG_ENABLE_MODULES = YES;
				CLANG_ENABLE_OBJC_ARC = YES;
				CLANG_ENABLE_OBJC_WEAK = YES;
				CLANG_WARN_BLOCK_CAPTURE_AUTORELEASING = YES;
				CLANG_WARN_BOOL_CONVERSION = YES;
				CLANG_WARN_COMMA = YES;
				CLANG_WARN_CONSTANT_CONVERSION = YES;
				CLANG_WARN_DEPRECATED_OBJC_IMPLEMENTATIONS = YES;
				CLANG_WARN_DIRECT_OBJC_ISA_USAGE = YES_ERROR;
				CLANG_WARN_DOCUMENTATION_COMMENTS = YES;
				CLANG_WARN_EMPTY_BODY = YES;
				CLANG_WARN_ENUM_CONVERSION = YES;
				CLANG_WARN_INFINITE_RECURSION = YES;
				CLANG_WARN_INT_CONVERSION = YES;
				CLANG_WARN_NON_LITERAL_NULL_CONVERSION = YES;
				CLANG_WARN_OBJC_IMPLICIT_RETAIN_SELF = YES;
				CLANG_WARN_OBJC_LITERAL_CONVERSION = YES;
				CLANG_WARN_OBJC_ROOT_CLASS = YES_ERROR;
				CLANG_WARN_RANGE_LOOP_ANALYSIS = YES;
				CLANG_WARN_STRICT_PROTOTYPES = YES;
				CLANG_WARN_SUSPICIOUS_MOVE = YES;
				CLANG_WARN_UNGUARDED_AVAILABILITY = YES_AGGRESSIVE;
				CLANG_WARN_UNREACHABLE_CODE = YES;
				CLANG_WARN__DUPLICATE_METHOD_MATCH = YES;
				COPY_PHASE_STRIP = NO;
				DEBUG_INFORMATION_FORMAT = dwarf;
				ENABLE_STRICT_OBJC_MSGSEND = YES;
				ENABLE_TESTABILITY = YES;
				GCC_C_LANGUAGE_STANDARD = gnu11;
				GCC_DYNAMIC_NO_PIC = NO;
				GCC_NO_COMMON_BLOCKS = YES;
				GCC_OPTIMIZATION_LEVEL = 0;
				GCC_PREPROCESSOR_DEFINITIONS = (
					"DEBUG=1",
					"$(inherited)",
				);
				GCC_WARN_64_TO_32_BIT_CONVERSION = YES;
				GCC_WARN_ABOUT_RETURN_TYPE = YES_ERROR;
				GCC_WARN_UNDECLARED_SELECTOR = YES;
				GCC_WARN_UNINITIALIZED_AUTOS = YES_AGGRESSIVE;
				GCC_WARN_UNUSED_FUNCTION = YES;
				GCC_WARN_UNUSED_VARIABLE = YES;
				IPHONEOS_DEPLOYMENT_TARGET = 13.2;
				MTL_ENABLE_DEBUG_INFO = INCLUDE_SOURCE;
				MTL_FAST_MATH = YES;
				ONLY_ACTIVE_ARCH = YES;
				SDKROOT = iphoneos;
				SWIFT_ACTIVE_COMPILATION_CONDITIONS = DEBUG;
				SWIFT_OPTIMIZATION_LEVEL = "-Onone";
			};
			name = Debug;
		};
		30D726072443C303002DEABD /* Release */ = {
			isa = XCBuildConfiguration;
			buildSettings = {
				ALWAYS_SEARCH_USER_PATHS = NO;
				CLANG_ANALYZER_NONNULL = YES;
				CLANG_ANALYZER_NUMBER_OBJECT_CONVERSION = YES_AGGRESSIVE;
				CLANG_CXX_LANGUAGE_STANDARD = "gnu++14";
				CLANG_CXX_LIBRARY = "libc++";
				CLANG_ENABLE_MODULES = YES;
				CLANG_ENABLE_OBJC_ARC = YES;
				CLANG_ENABLE_OBJC_WEAK = YES;
				CLANG_WARN_BLOCK_CAPTURE_AUTORELEASING = YES;
				CLANG_WARN_BOOL_CONVERSION = YES;
				CLANG_WARN_COMMA = YES;
				CLANG_WARN_CONSTANT_CONVERSION = YES;
				CLANG_WARN_DEPRECATED_OBJC_IMPLEMENTATIONS = YES;
				CLANG_WARN_DIRECT_OBJC_ISA_USAGE = YES_ERROR;
				CLANG_WARN_DOCUMENTATION_COMMENTS = YES;
				CLANG_WARN_EMPTY_BODY = YES;
				CLANG_WARN_ENUM_CONVERSION = YES;
				CLANG_WARN_INFINITE_RECURSION = YES;
				CLANG_WARN_INT_CONVERSION = YES;
				CLANG_WARN_NON_LITERAL_NULL_CONVERSION = YES;
				CLANG_WARN_OBJC_IMPLICIT_RETAIN_SELF = YES;
				CLANG_WARN_OBJC_LITERAL_CONVERSION = YES;
				CLANG_WARN_OBJC_ROOT_CLASS = YES_ERROR;
				CLANG_WARN_RANGE_LOOP_ANALYSIS = YES;
				CLANG_WARN_STRICT_PROTOTYPES = YES;
				CLANG_WARN_SUSPICIOUS_MOVE = YES;
				CLANG_WARN_UNGUARDED_AVAILABILITY = YES_AGGRESSIVE;
				CLANG_WARN_UNREACHABLE_CODE = YES;
				CLANG_WARN__DUPLICATE_METHOD_MATCH = YES;
				COPY_PHASE_STRIP = NO;
				DEBUG_INFORMATION_FORMAT = "dwarf-with-dsym";
				ENABLE_NS_ASSERTIONS = NO;
				ENABLE_STRICT_OBJC_MSGSEND = YES;
				GCC_C_LANGUAGE_STANDARD = gnu11;
				GCC_NO_COMMON_BLOCKS = YES;
				GCC_WARN_64_TO_32_BIT_CONVERSION = YES;
				GCC_WARN_ABOUT_RETURN_TYPE = YES_ERROR;
				GCC_WARN_UNDECLARED_SELECTOR = YES;
				GCC_WARN_UNINITIALIZED_AUTOS = YES_AGGRESSIVE;
				GCC_WARN_UNUSED_FUNCTION = YES;
				GCC_WARN_UNUSED_VARIABLE = YES;
				IPHONEOS_DEPLOYMENT_TARGET = 13.2;
				MTL_ENABLE_DEBUG_INFO = NO;
				MTL_FAST_MATH = YES;
				SDKROOT = iphoneos;
				SWIFT_COMPILATION_MODE = wholemodule;
				SWIFT_OPTIMIZATION_LEVEL = "-O";
				VALIDATE_PRODUCT = YES;
			};
			name = Release;
		};
		30D726092443C303002DEABD /* Debug */ = {
			isa = XCBuildConfiguration;
			buildSettings = {
				ASSETCATALOG_COMPILER_APPICON_NAME = AppIcon;
				CODE_SIGN_ENTITLEMENTS = MovingNumbersView.entitlements;
				CODE_SIGN_STYLE = Automatic;
				DEVELOPMENT_ASSET_PATHS = "\"MovingNumbersViewDemo/Preview Content\"";
				DEVELOPMENT_TEAM = B786UKMNU5;
				ENABLE_PREVIEWS = YES;
				INFOPLIST_FILE = MovingNumbersViewDemo/Info.plist;
				IPHONEOS_DEPLOYMENT_TARGET = 13.0;
				LD_RUNPATH_SEARCH_PATHS = (
					"$(inherited)",
					"@executable_path/Frameworks",
				);
				PRODUCT_BUNDLE_IDENTIFIER = com.aunnnn.MovingNumbersView;
				PRODUCT_NAME = MovingNumbersView;
				SUPPORTS_MACCATALYST = YES;
				SWIFT_VERSION = 5.0;
				TARGETED_DEVICE_FAMILY = "1,2";
			};
			name = Debug;
		};
		30D7260A2443C303002DEABD /* Release */ = {
			isa = XCBuildConfiguration;
			buildSettings = {
				ASSETCATALOG_COMPILER_APPICON_NAME = AppIcon;
				CODE_SIGN_ENTITLEMENTS = MovingNumbersView.entitlements;
				CODE_SIGN_STYLE = Automatic;
				DEVELOPMENT_ASSET_PATHS = "\"MovingNumbersViewDemo/Preview Content\"";
				DEVELOPMENT_TEAM = B786UKMNU5;
				ENABLE_PREVIEWS = YES;
				INFOPLIST_FILE = MovingNumbersViewDemo/Info.plist;
				IPHONEOS_DEPLOYMENT_TARGET = 13.0;
				LD_RUNPATH_SEARCH_PATHS = (
					"$(inherited)",
					"@executable_path/Frameworks",
				);
				PRODUCT_BUNDLE_IDENTIFIER = com.aunnnn.MovingNumbersView;
				PRODUCT_NAME = MovingNumbersView;
				SUPPORTS_MACCATALYST = YES;
				SWIFT_VERSION = 5.0;
				TARGETED_DEVICE_FAMILY = "1,2";
			};
			name = Release;
		};
/* End XCBuildConfiguration section */

/* Begin XCConfigurationList section */
		30D725EF2443C302002DEABD /* Build configuration list for PBXProject "MovingNumbersView" */ = {
			isa = XCConfigurationList;
			buildConfigurations = (
				30D726062443C303002DEABD /* Debug */,
				30D726072443C303002DEABD /* Release */,
			);
			defaultConfigurationIsVisible = 0;
			defaultConfigurationName = Release;
		};
		30D726082443C303002DEABD /* Build configuration list for PBXNativeTarget "MovingNumbersView" */ = {
			isa = XCConfigurationList;
			buildConfigurations = (
				30D726092443C303002DEABD /* Debug */,
				30D7260A2443C303002DEABD /* Release */,
			);
			defaultConfigurationIsVisible = 0;
			defaultConfigurationName = Release;
		};
/* End XCConfigurationList section */
	};
	rootObject = 30D725EC2443C302002DEABD /* Project object */;
}
